{
  "name": "timeline-state-resolver",
  "version": "0.11.0",
  "lockfileVersion": 1,
  "requires": true,
  "dependencies": {
    "casparcg-connection": {
      "version": "3.0.1",
      "resolved": "https://registry.npmjs.org/casparcg-connection/-/casparcg-connection-3.0.1.tgz",
      "integrity": "sha1-a0NphlG2pFAUJNDrGbSxuPTOMFI=",
      "requires": {
        "highland": "3.0.0-beta.5",
        "xml2js": "0.4.19",
        "xmlbuilder": "9.0.7"
      }
    },
    "fast-clone": {
      "version": "1.4.2",
      "resolved": "https://registry.npmjs.org/fast-clone/-/fast-clone-1.4.2.tgz",
      "integrity": "sha1-LAZ+xGthb2caqsef7ae5m4k2geM="
    },
    "highland": {
      "version": "3.0.0-beta.5",
      "resolved": "https://registry.npmjs.org/highland/-/highland-3.0.0-beta.5.tgz",
      "integrity": "sha1-3j84U7/EVn92hy1DWU+Winf0RfM="
    },
    "sax": {
      "version": "1.2.4",
      "resolved": "https://registry.npmjs.org/sax/-/sax-1.2.4.tgz",
      "integrity": "sha512-NqVDv9TpANUjFm0N8uM5GxL36UgKi9/atZw+x7YFnQ8ckwFGKrl4xX4yWtrey3UJm5nP1kUbnYgLopqWNSRhWw=="
    },
    "superfly-timeline": {
      "version": "0.1.1",
      "resolved": "https://registry.npmjs.org/superfly-timeline/-/superfly-timeline-0.1.1.tgz",
      "integrity": "sha1-9dRR4X9f6eqyI+wPhAUG+eypn5o=",
      "requires": {
        "fast-clone": "1.4.2",
        "underscore": "1.8.3"
      }
    },
    "underscore": {
      "version": "1.8.3",
      "resolved": "https://registry.npmjs.org/underscore/-/underscore-1.8.3.tgz",
      "integrity": "sha1-Tz+1OxBuYJf8+ctBCfKl6b36UCI="
    },
    "xml2js": {
      "version": "0.4.19",
      "resolved": "https://registry.npmjs.org/xml2js/-/xml2js-0.4.19.tgz",
      "integrity": "sha512-esZnJZJOiJR9wWKMyuvSE1y6Dq5LCuJanqhxslH2bxM6duahNZ+HMpCLhBQGZkbX6xRf8x1Y2eJlgt2q3qo49Q==",
      "requires": {
        "sax": "1.2.4",
        "xmlbuilder": "9.0.7"
      }
    },
    "xmlbuilder": {
      "version": "9.0.7",
      "resolved": "https://registry.npmjs.org/xmlbuilder/-/xmlbuilder-9.0.7.tgz",
      "integrity": "sha1-Ey7mPS7FVlxVfiD0wi35rKaGsQ0="
    }
  }
}
